
Microsoft Visual Studio Solution File, Format Version 12.00
# Visual Studio Version 17
VisualStudioVersion = 17.8.34525.116
MinimumVisualStudioVersion = 10.0.40219.1
Project("{FAE04EC0-301F-11D3-BF4B-00C04F79EFBC}") = "Narayana's cows sequence", "Narayana's cows sequence\Narayana's cows sequence.csproj", "{08EC3141-6019-4676-85A3-2EFF2046BD10}"
EndProject
Global
	GlobalSection(SolutionConfigurationPlatforms) = preSolution
		Debug|Any CPU = Debug|Any CPU
		Release|Any CPU = Release|Any CPU
	EndGlobalSection
	GlobalSection(ProjectConfigurationPlatforms) = postSolution
		{08EC3141-6019-4676-85A3-2EFF2046BD10}.Debug|Any CPU.ActiveCfg = Debug|Any CPU
		{08EC3141-6019-4676-85A3-2EFF2046BD10}.Debug|Any CPU.Build.0 = Debug|Any CPU
		{08EC3141-6019-4676-85A3-2EFF2046BD10}.Release|Any CPU.ActiveCfg = Release|Any CPU
		{08EC3141-6019-4676-85A3-2EFF2046BD10}.Release|Any CPU.Build.0 = Release|Any CPU
	EndGlobalSection
	GlobalSection(SolutionProperties) = preSolution
		HideSolutionNode = FALSE
	EndGlobalSection
	GlobalSection(ExtensibilityGlobals) = postSolution
		SolutionGuid = {4F4CE04B-58BD-4EF8-A5CB-8FB35DD0628D}
	EndGlobalSection
EndGlobal
